
Microsoft Visual Studio Solution File, Format Version 12.00
# Visual Studio Version 16
VisualStudioVersion = 16.0.29215.179
MinimumVisualStudioVersion = 10.0.40219.1
Project("{F184B08F-C81C-45F6-A57F-5ABD9991F28F}") = "DemoUNACHSW.ServicioEquipo3", "DemoUNACHSW.ServicioEquipo3\DemoUNACHSW.ServicioEquipo3.vbproj", "{C2319C56-0366-4C61-8D30-7708ECBE213B}"
EndProject
Global
	GlobalSection(SolutionConfigurationPlatforms) = preSolution
		Debug|Any CPU = Debug|Any CPU
		Release|Any CPU = Release|Any CPU
	EndGlobalSection
	GlobalSection(ProjectConfigurationPlatforms) = postSolution
		{C2319C56-0366-4C61-8D30-7708ECBE213B}.Debug|Any CPU.ActiveCfg = Debug|Any CPU
		{C2319C56-0366-4C61-8D30-7708ECBE213B}.Debug|Any CPU.Build.0 = Debug|Any CPU
		{C2319C56-0366-4C61-8D30-7708ECBE213B}.Release|Any CPU.ActiveCfg = Release|Any CPU
		{C2319C56-0366-4C61-8D30-7708ECBE213B}.Release|Any CPU.Build.0 = Release|Any CPU
	EndGlobalSection
	GlobalSection(SolutionProperties) = preSolution
		HideSolutionNode = FALSE
	EndGlobalSection
	GlobalSection(ExtensibilityGlobals) = postSolution
		SolutionGuid = {AEB7711A-A112-41EA-BC2D-FA1D0F2BD41F}
	EndGlobalSection
EndGlobal
